
Microsoft Visual Studio Solution File, Format Version 12.00
# Visual Studio Version 17
VisualStudioVersion = 17.14.36310.24 d17.14
MinimumVisualStudioVersion = 10.0.40219.1
Project("{FAE04EC0-301F-11D3-BF4B-00C04F79EFBC}") = "CalendarInvitePOC", "CalendarInvitePOC\CalendarInvitePOC.csproj", "{38252EC7-3018-4822-9D6F-232DE5D408EB}"
EndProject
Global
	GlobalSection(SolutionConfigurationPlatforms) = preSolution
		Debug|Any CPU = Debug|Any CPU
		Release|Any CPU = Release|Any CPU
	EndGlobalSection
	GlobalSection(ProjectConfigurationPlatforms) = postSolution
		{38252EC7-3018-4822-9D6F-232DE5D408EB}.Debug|Any CPU.ActiveCfg = Debug|Any CPU
		{38252EC7-3018-4822-9D6F-232DE5D408EB}.Debug|Any CPU.Build.0 = Debug|Any CPU
		{38252EC7-3018-4822-9D6F-232DE5D408EB}.Release|Any CPU.ActiveCfg = Release|Any CPU
		{38252EC7-3018-4822-9D6F-232DE5D408EB}.Release|Any CPU.Build.0 = Release|Any CPU
	EndGlobalSection
	GlobalSection(SolutionProperties) = preSolution
		HideSolutionNode = FALSE
	EndGlobalSection
	GlobalSection(ExtensibilityGlobals) = postSolution
		SolutionGuid = {127CC5E8-082C-4DFB-B05C-048A16B5EF34}
	EndGlobalSection
EndGlobal
